
Microsoft Visual Studio Solution File, Format Version 12.00
# Visual Studio Version 17
VisualStudioVersion = 17.3.32804.467
MinimumVisualStudioVersion = 10.0.40219.1
Project("{9A19103F-16F7-4668-BE54-9A1E7A4F7556}") = "Alaveri.Core", "Alaveri.Core\Alaveri.Core.csproj", "{4E58A63D-7DCA-4DA2-BFE9-05FEBA448A7A}"
	ProjectSection(ProjectDependencies) = postProject
		{45825407-C211-419B-ADFD-D96C439F9A04} = {45825407-C211-419B-ADFD-D96C439F9A04}
	EndProjectSection
EndProject
Project("{9A19103F-16F7-4668-BE54-9A1E7A4F7556}") = "Alaveri.Globalization", "Alaveri.Globalization\Alaveri.Globalization.csproj", "{4C86D04A-3DE2-4F9E-AE31-DAC2959F27C2}"
	ProjectSection(ProjectDependencies) = postProject
		{45825407-C211-419B-ADFD-D96C439F9A04} = {45825407-C211-419B-ADFD-D96C439F9A04}
	EndProjectSection
EndProject
Project("{9A19103F-16F7-4668-BE54-9A1E7A4F7556}") = "Alaveri.Data", "Alaveri.Data\Alaveri.Data.csproj", "{F9B2880D-12B8-430A-A158-A8AE3A19667C}"
	ProjectSection(ProjectDependencies) = postProject
		{055A04B5-8FE6-4AB0-B0FE-C10F4E732CA0} = {055A04B5-8FE6-4AB0-B0FE-C10F4E732CA0}
		{45825407-C211-419B-ADFD-D96C439F9A04} = {45825407-C211-419B-ADFD-D96C439F9A04}
	EndProjectSection
EndProject
Project("{9A19103F-16F7-4668-BE54-9A1E7A4F7556}") = "Alaveri.Data.Sql", "Alaveri.Data.Sql\Alaveri.Data.Sql.csproj", "{14397422-C6AB-4D70-B761-A17974EABA38}"
	ProjectSection(ProjectDependencies) = postProject
		{45825407-C211-419B-ADFD-D96C439F9A04} = {45825407-C211-419B-ADFD-D96C439F9A04}
	EndProjectSection
EndProject
Project("{9A19103F-16F7-4668-BE54-9A1E7A4F7556}") = "Alaveri.Core.Test", "Alaveri.Core.Test\Alaveri.Core.Test.csproj", "{A50B3FFD-48FF-46A9-81BC-7AD0422A301F}"
EndProject
Project("{9A19103F-16F7-4668-BE54-9A1E7A4F7556}") = "Alaveri.Data.Test", "Alaveri.Data.Test\Alaveri.Data.Test.csproj", "{C070C3AC-00B9-4F38-82CF-F39B55CD6026}"
EndProject
Project("{9A19103F-16F7-4668-BE54-9A1E7A4F7556}") = "Alaveri.UnitTesting", "Alaveri.UnitTesting\Alaveri.UnitTesting.csproj", "{0B0E590A-66C3-4FA1-9D29-1FF2845E0038}"
EndProject
Project("{9A19103F-16F7-4668-BE54-9A1E7A4F7556}") = "Alaveri.Configuration", "Alaveri.Configuration\Alaveri.Configuration.csproj", "{8974F8AD-EF96-49AC-A605-E51B88B511AB}"
	ProjectSection(ProjectDependencies) = postProject
		{45825407-C211-419B-ADFD-D96C439F9A04} = {45825407-C211-419B-ADFD-D96C439F9A04}
	EndProjectSection
EndProject
Project("{9A19103F-16F7-4668-BE54-9A1E7A4F7556}") = "Alaveri.Common", "Alaveri.Common\Alaveri.Common.csproj", "{055A04B5-8FE6-4AB0-B0FE-C10F4E732CA0}"
	ProjectSection(ProjectDependencies) = postProject
		{45825407-C211-419B-ADFD-D96C439F9A04} = {45825407-C211-419B-ADFD-D96C439F9A04}
	EndProjectSection
EndProject
Project("{9A19103F-16F7-4668-BE54-9A1E7A4F7556}") = "Alaveri.Versioning", "Alaveri.Versioning\Alaveri.Versioning.csproj", "{45825407-C211-419B-ADFD-D96C439F9A04}"
EndProject
Project("{9A19103F-16F7-4668-BE54-9A1E7A4F7556}") = "Alaveri.Windows.Forms", "Alaveri.Windows.Forms\Alaveri.Windows.Forms.csproj", "{451AA6D8-C323-438A-B1E8-65FD00B23FCA}"
	ProjectSection(ProjectDependencies) = postProject
		{0B0E590A-66C3-4FA1-9D29-1FF2845E0038} = {0B0E590A-66C3-4FA1-9D29-1FF2845E0038}
	EndProjectSection
EndProject
Project("{2150E333-8FDC-42A3-9474-1A3956D46DE8}") = "Nuget", "Nuget", "{8B017D45-1757-4EAA-AD06-DBB949AB0A4D}"
	ProjectSection(SolutionItems) = preProject
		readme.txt = readme.txt
	EndProjectSection
EndProject
Project("{2150E333-8FDC-42A3-9474-1A3956D46DE8}") = "License", "License", "{5C63F580-906D-4DDB-883F-932D9FABD93E}"
	ProjectSection(SolutionItems) = preProject
		Alaveri.Configuration\LICENSE = Alaveri.Configuration\LICENSE
	EndProjectSection
EndProject
Project("{9A19103F-16F7-4668-BE54-9A1E7A4F7556}") = "Alaveri.Globalization.Test", "Alaveri.Globalization.Test\Alaveri.Globalization.Test.csproj", "{39861A06-C31A-45DD-B40B-C50AD90873F0}"
EndProject
Project("{9A19103F-16F7-4668-BE54-9A1E7A4F7556}") = "Alaveri.Wpf.Windows", "Alaveri.Wpf.Windows\Alaveri.Wpf.Windows.csproj", "{FABA2A0B-2963-4325-A57C-02B23589A6F7}"
	ProjectSection(ProjectDependencies) = postProject
		{45825407-C211-419B-ADFD-D96C439F9A04} = {45825407-C211-419B-ADFD-D96C439F9A04}
	EndProjectSection
EndProject
Project("{9A19103F-16F7-4668-BE54-9A1E7A4F7556}") = "Alaveri.Avalonia", "Alaveri.Avalonia\Alaveri.Avalonia.csproj", "{0DD5310E-163A-4590-BB96-100F63CA6D19}"
	ProjectSection(ProjectDependencies) = postProject
		{45825407-C211-419B-ADFD-D96C439F9A04} = {45825407-C211-419B-ADFD-D96C439F9A04}
	EndProjectSection
EndProject
Project("{9A19103F-16F7-4668-BE54-9A1E7A4F7556}") = "Alaveri.Maui", "Alaveri.Maui\Alaveri.Maui.csproj", "{C2B54D95-198D-45F2-BBE3-2D22D5236988}"
	ProjectSection(ProjectDependencies) = postProject
		{45825407-C211-419B-ADFD-D96C439F9A04} = {45825407-C211-419B-ADFD-D96C439F9A04}
	EndProjectSection
EndProject
Global
	GlobalSection(SolutionConfigurationPlatforms) = preSolution
		Debug|Any CPU = Debug|Any CPU
		Release|Any CPU = Release|Any CPU
	EndGlobalSection
	GlobalSection(ProjectConfigurationPlatforms) = postSolution
		{4E58A63D-7DCA-4DA2-BFE9-05FEBA448A7A}.Debug|Any CPU.ActiveCfg = Debug|Any CPU
		{4E58A63D-7DCA-4DA2-BFE9-05FEBA448A7A}.Debug|Any CPU.Build.0 = Debug|Any CPU
		{4E58A63D-7DCA-4DA2-BFE9-05FEBA448A7A}.Release|Any CPU.ActiveCfg = Release|Any CPU
		{4E58A63D-7DCA-4DA2-BFE9-05FEBA448A7A}.Release|Any CPU.Build.0 = Release|Any CPU
		{4C86D04A-3DE2-4F9E-AE31-DAC2959F27C2}.Debug|Any CPU.ActiveCfg = Debug|Any CPU
		{4C86D04A-3DE2-4F9E-AE31-DAC2959F27C2}.Debug|Any CPU.Build.0 = Debug|Any CPU
		{4C86D04A-3DE2-4F9E-AE31-DAC2959F27C2}.Release|Any CPU.ActiveCfg = Release|Any CPU
		{4C86D04A-3DE2-4F9E-AE31-DAC2959F27C2}.Release|Any CPU.Build.0 = Release|Any CPU
		{F9B2880D-12B8-430A-A158-A8AE3A19667C}.Debug|Any CPU.ActiveCfg = Debug|Any CPU
		{F9B2880D-12B8-430A-A158-A8AE3A19667C}.Debug|Any CPU.Build.0 = Debug|Any CPU
		{F9B2880D-12B8-430A-A158-A8AE3A19667C}.Release|Any CPU.ActiveCfg = Release|Any CPU
		{F9B2880D-12B8-430A-A158-A8AE3A19667C}.Release|Any CPU.Build.0 = Release|Any CPU
		{14397422-C6AB-4D70-B761-A17974EABA38}.Debug|Any CPU.ActiveCfg = Debug|Any CPU
		{14397422-C6AB-4D70-B761-A17974EABA38}.Debug|Any CPU.Build.0 = Debug|Any CPU
		{14397422-C6AB-4D70-B761-A17974EABA38}.Release|Any CPU.ActiveCfg = Release|Any CPU
		{14397422-C6AB-4D70-B761-A17974EABA38}.Release|Any CPU.Build.0 = Release|Any CPU
		{A50B3FFD-48FF-46A9-81BC-7AD0422A301F}.Debug|Any CPU.ActiveCfg = Debug|Any CPU
		{A50B3FFD-48FF-46A9-81BC-7AD0422A301F}.Debug|Any CPU.Build.0 = Debug|Any CPU
		{A50B3FFD-48FF-46A9-81BC-7AD0422A301F}.Release|Any CPU.ActiveCfg = Release|Any CPU
		{A50B3FFD-48FF-46A9-81BC-7AD0422A301F}.Release|Any CPU.Build.0 = Release|Any CPU
		{C070C3AC-00B9-4F38-82CF-F39B55CD6026}.Debug|Any CPU.ActiveCfg = Debug|Any CPU
		{C070C3AC-00B9-4F38-82CF-F39B55CD6026}.Debug|Any CPU.Build.0 = Debug|Any CPU
		{C070C3AC-00B9-4F38-82CF-F39B55CD6026}.Release|Any CPU.ActiveCfg = Release|Any CPU
		{C070C3AC-00B9-4F38-82CF-F39B55CD6026}.Release|Any CPU.Build.0 = Release|Any CPU
		{0B0E590A-66C3-4FA1-9D29-1FF2845E0038}.Debug|Any CPU.ActiveCfg = Debug|Any CPU
		{0B0E590A-66C3-4FA1-9D29-1FF2845E0038}.Debug|Any CPU.Build.0 = Debug|Any CPU
		{0B0E590A-66C3-4FA1-9D29-1FF2845E0038}.Release|Any CPU.ActiveCfg = Release|Any CPU
		{0B0E590A-66C3-4FA1-9D29-1FF2845E0038}.Release|Any CPU.Build.0 = Release|Any CPU
		{8974F8AD-EF96-49AC-A605-E51B88B511AB}.Debug|Any CPU.ActiveCfg = Debug|Any CPU
		{8974F8AD-EF96-49AC-A605-E51B88B511AB}.Debug|Any CPU.Build.0 = Debug|Any CPU
		{8974F8AD-EF96-49AC-A605-E51B88B511AB}.Release|Any CPU.ActiveCfg = Release|Any CPU
		{8974F8AD-EF96-49AC-A605-E51B88B511AB}.Release|Any CPU.Build.0 = Release|Any CPU
		{055A04B5-8FE6-4AB0-B0FE-C10F4E732CA0}.Debug|Any CPU.ActiveCfg = Debug|Any CPU
		{055A04B5-8FE6-4AB0-B0FE-C10F4E732CA0}.Debug|Any CPU.Build.0 = Debug|Any CPU
		{055A04B5-8FE6-4AB0-B0FE-C10F4E732CA0}.Release|Any CPU.ActiveCfg = Release|Any CPU
		{055A04B5-8FE6-4AB0-B0FE-C10F4E732CA0}.Release|Any CPU.Build.0 = Release|Any CPU
		{45825407-C211-419B-ADFD-D96C439F9A04}.Debug|Any CPU.ActiveCfg = Debug|Any CPU
		{45825407-C211-419B-ADFD-D96C439F9A04}.Debug|Any CPU.Build.0 = Debug|Any CPU
		{45825407-C211-419B-ADFD-D96C439F9A04}.Release|Any CPU.ActiveCfg = Release|Any CPU
		{45825407-C211-419B-ADFD-D96C439F9A04}.Release|Any CPU.Build.0 = Release|Any CPU
		{451AA6D8-C323-438A-B1E8-65FD00B23FCA}.Debug|Any CPU.ActiveCfg = Debug|Any CPU
		{451AA6D8-C323-438A-B1E8-65FD00B23FCA}.Debug|Any CPU.Build.0 = Debug|Any CPU
		{451AA6D8-C323-438A-B1E8-65FD00B23FCA}.Release|Any CPU.ActiveCfg = Release|Any CPU
		{451AA6D8-C323-438A-B1E8-65FD00B23FCA}.Release|Any CPU.Build.0 = Release|Any CPU
		{39861A06-C31A-45DD-B40B-C50AD90873F0}.Debug|Any CPU.ActiveCfg = Debug|Any CPU
		{39861A06-C31A-45DD-B40B-C50AD90873F0}.Debug|Any CPU.Build.0 = Debug|Any CPU
		{39861A06-C31A-45DD-B40B-C50AD90873F0}.Release|Any CPU.ActiveCfg = Release|Any CPU
		{39861A06-C31A-45DD-B40B-C50AD90873F0}.Release|Any CPU.Build.0 = Release|Any CPU
		{FABA2A0B-2963-4325-A57C-02B23589A6F7}.Debug|Any CPU.ActiveCfg = Debug|Any CPU
		{FABA2A0B-2963-4325-A57C-02B23589A6F7}.Debug|Any CPU.Build.0 = Debug|Any CPU
		{FABA2A0B-2963-4325-A57C-02B23589A6F7}.Release|Any CPU.ActiveCfg = Release|Any CPU
		{FABA2A0B-2963-4325-A57C-02B23589A6F7}.Release|Any CPU.Build.0 = Release|Any CPU
		{0DD5310E-163A-4590-BB96-100F63CA6D19}.Debug|Any CPU.ActiveCfg = Debug|Any CPU
		{0DD5310E-163A-4590-BB96-100F63CA6D19}.Debug|Any CPU.Build.0 = Debug|Any CPU
		{0DD5310E-163A-4590-BB96-100F63CA6D19}.Release|Any CPU.ActiveCfg = Release|Any CPU
		{0DD5310E-163A-4590-BB96-100F63CA6D19}.Release|Any CPU.Build.0 = Release|Any CPU
		{C2B54D95-198D-45F2-BBE3-2D22D5236988}.Debug|Any CPU.ActiveCfg = Debug|Any CPU
		{C2B54D95-198D-45F2-BBE3-2D22D5236988}.Debug|Any CPU.Build.0 = Debug|Any CPU
		{C2B54D95-198D-45F2-BBE3-2D22D5236988}.Release|Any CPU.ActiveCfg = Release|Any CPU
		{C2B54D95-198D-45F2-BBE3-2D22D5236988}.Release|Any CPU.Build.0 = Release|Any CPU
	EndGlobalSection
	GlobalSection(SolutionProperties) = preSolution
		HideSolutionNode = FALSE
	EndGlobalSection
	GlobalSection(ExtensibilityGlobals) = postSolution
		SolutionGuid = {637E88FA-A904-4D81-88AB-F99D856E5B2B}
	EndGlobalSection
EndGlobal
